
Microsoft Visual Studio Solution File, Format Version 12.00
# Visual Studio 15
VisualStudioVersion = 15.0.28307.271
MinimumVisualStudioVersion = 10.0.40219.1
Project("{FAE04EC0-301F-11D3-BF4B-00C04F79EFBC}") = "EEHive.Word", "EEHive.Word\EEHive.Word.csproj", "{1EBED3C8-6D6F-41D7-AB09-6F61EC224A76}"
EndProject
Project("{FAE04EC0-301F-11D3-BF4B-00C04F79EFBC}") = "EEHive.Word.Core", "EEHive.Core\EEHive.Word.Core.csproj", "{BFC0F976-BD4A-4373-88CF-5EB34B4AFC58}"
EndProject
Global
	GlobalSection(SolutionConfigurationPlatforms) = preSolution
		Debug|Any CPU = Debug|Any CPU
		Release|Any CPU = Release|Any CPU
	EndGlobalSection
	GlobalSection(ProjectConfigurationPlatforms) = postSolution
		{1EBED3C8-6D6F-41D7-AB09-6F61EC224A76}.Debug|Any CPU.ActiveCfg = Release|Any CPU
		{1EBED3C8-6D6F-41D7-AB09-6F61EC224A76}.Debug|Any CPU.Build.0 = Release|Any CPU
		{1EBED3C8-6D6F-41D7-AB09-6F61EC224A76}.Release|Any CPU.ActiveCfg = Release|Any CPU
		{1EBED3C8-6D6F-41D7-AB09-6F61EC224A76}.Release|Any CPU.Build.0 = Release|Any CPU
		{BFC0F976-BD4A-4373-88CF-5EB34B4AFC58}.Debug|Any CPU.ActiveCfg = Debug|Any CPU
		{BFC0F976-BD4A-4373-88CF-5EB34B4AFC58}.Debug|Any CPU.Build.0 = Debug|Any CPU
		{BFC0F976-BD4A-4373-88CF-5EB34B4AFC58}.Release|Any CPU.ActiveCfg = Release|Any CPU
		{BFC0F976-BD4A-4373-88CF-5EB34B4AFC58}.Release|Any CPU.Build.0 = Release|Any CPU
	EndGlobalSection
	GlobalSection(SolutionProperties) = preSolution
		HideSolutionNode = FALSE
	EndGlobalSection
	GlobalSection(ExtensibilityGlobals) = postSolution
		SolutionGuid = {AC232814-3D26-4113-9405-18737D339DE6}
	EndGlobalSection
EndGlobal
